
Microsoft Visual Studio Solution File, Format Version 12.00
# Visual Studio Version 17
VisualStudioVersion = 17.0.32112.339
MinimumVisualStudioVersion = 10.0.40219.1
Project("{9A19103F-16F7-4668-BE54-9A1E7A4F7556}") = "MarioUAS", "MarioUAS\MarioUAS.csproj", "{CEC205C5-D60E-43EB-AFED-594F784FEDA6}"
EndProject
Project("{9A19103F-16F7-4668-BE54-9A1E7A4F7556}") = "Common", "Common\Common.csproj", "{3EA742D9-2BA3-45FE-B77A-24BE80D3ABFB}"
EndProject
Global
	GlobalSection(SolutionConfigurationPlatforms) = preSolution
		Debug|Any CPU = Debug|Any CPU
		Release|Any CPU = Release|Any CPU
	EndGlobalSection
	GlobalSection(ProjectConfigurationPlatforms) = postSolution
		{CEC205C5-D60E-43EB-AFED-594F784FEDA6}.Debug|Any CPU.ActiveCfg = Debug|Any CPU
		{CEC205C5-D60E-43EB-AFED-594F784FEDA6}.Debug|Any CPU.Build.0 = Debug|Any CPU
		{CEC205C5-D60E-43EB-AFED-594F784FEDA6}.Release|Any CPU.ActiveCfg = Release|Any CPU
		{CEC205C5-D60E-43EB-AFED-594F784FEDA6}.Release|Any CPU.Build.0 = Release|Any CPU
		{3EA742D9-2BA3-45FE-B77A-24BE80D3ABFB}.Debug|Any CPU.ActiveCfg = Debug|Any CPU
		{3EA742D9-2BA3-45FE-B77A-24BE80D3ABFB}.Debug|Any CPU.Build.0 = Debug|Any CPU
		{3EA742D9-2BA3-45FE-B77A-24BE80D3ABFB}.Release|Any CPU.ActiveCfg = Release|Any CPU
		{3EA742D9-2BA3-45FE-B77A-24BE80D3ABFB}.Release|Any CPU.Build.0 = Release|Any CPU
	EndGlobalSection
	GlobalSection(SolutionProperties) = preSolution
		HideSolutionNode = FALSE
	EndGlobalSection
	GlobalSection(ExtensibilityGlobals) = postSolution
		SolutionGuid = {E3D61AD3-6679-415F-8704-9225F13A3B32}
	EndGlobalSection
EndGlobal
